# THIS IS AN AUTOGENERATED FILE. DO NOT EDIT THIS FILE DIRECTLY.
# yarn lockfile v1
react-native-root-modal@^1.0.7:
  version "1.0.7"
  resolved "https://registry.yarnpkg.com/react-native-root-modal/-/react-native-root-modal-1.0.7.tgz#91752a7388614c3b692ffd61156d7e41ba22ccb5"
  dependencies:
    react-native-root-siblings "^1.1.0"

react-native-root-siblings@^1.1.0:
  version "1.1.2"
  resolved "https://registry.yarnpkg.com/react-native-root-siblings/-/react-native-root-siblings-1.1.2.tgz#fc1e7310f4f9f8b080331ff5d173db840d6b9e1f"

